
Microsoft Visual Studio Solution File, Format Version 12.00
# Visual Studio Version 17
VisualStudioVersion = 17.6.33723.286
MinimumVisualStudioVersion = 10.0.40219.1
Project("{FAE04EC0-301F-11D3-BF4B-00C04F79EFBC}") = "FP2Lib", "FP2Lib\FP2Lib.csproj", "{49D8EFE4-251F-4C41-ADFB-09D09CFCE8F5}"
EndProject
Global
	GlobalSection(SolutionConfigurationPlatforms) = preSolution
		Debug|Any CPU = Debug|Any CPU
		Release|Any CPU = Release|Any CPU
	EndGlobalSection
	GlobalSection(ProjectConfigurationPlatforms) = postSolution
		{49D8EFE4-251F-4C41-ADFB-09D09CFCE8F5}.Debug|Any CPU.ActiveCfg = Debug|Any CPU
		{49D8EFE4-251F-4C41-ADFB-09D09CFCE8F5}.Debug|Any CPU.Build.0 = Debug|Any CPU
		{49D8EFE4-251F-4C41-ADFB-09D09CFCE8F5}.Release|Any CPU.ActiveCfg = Release|Any CPU
		{49D8EFE4-251F-4C41-ADFB-09D09CFCE8F5}.Release|Any CPU.Build.0 = Release|Any CPU
	EndGlobalSection
	GlobalSection(SolutionProperties) = preSolution
		HideSolutionNode = FALSE
	EndGlobalSection
	GlobalSection(ExtensibilityGlobals) = postSolution
		SolutionGuid = {5694F554-71F4-4AD4-B8C3-048C9A5A80DD}
	EndGlobalSection
EndGlobal
